
Microsoft Visual Studio Solution File, Format Version 12.00
# Visual Studio Version 16
VisualStudioVersion = 16.0.30804.86
MinimumVisualStudioVersion = 10.0.40219.1
Project("{FAE04EC0-301F-11D3-BF4B-00C04F79EFBC}") = "Dinda", "Dinda\Dinda.csproj", "{CF398738-264E-49DE-B787-573ABADD2004}"
EndProject
Global
	GlobalSection(SolutionConfigurationPlatforms) = preSolution
		Debug|Any CPU = Debug|Any CPU
		Release|Any CPU = Release|Any CPU
	EndGlobalSection
	GlobalSection(ProjectConfigurationPlatforms) = postSolution
		{CF398738-264E-49DE-B787-573ABADD2004}.Debug|Any CPU.ActiveCfg = Debug|Any CPU
		{CF398738-264E-49DE-B787-573ABADD2004}.Debug|Any CPU.Build.0 = Debug|Any CPU
		{CF398738-264E-49DE-B787-573ABADD2004}.Release|Any CPU.ActiveCfg = Release|Any CPU
		{CF398738-264E-49DE-B787-573ABADD2004}.Release|Any CPU.Build.0 = Release|Any CPU
	EndGlobalSection
	GlobalSection(SolutionProperties) = preSolution
		HideSolutionNode = FALSE
	EndGlobalSection
	GlobalSection(ExtensibilityGlobals) = postSolution
		SolutionGuid = {A05E3A71-0E48-46DE-9627-6C13C381BE88}
	EndGlobalSection
EndGlobal
